
Microsoft Visual Studio Solution File, Format Version 12.00
# Visual Studio 14
VisualStudioVersion = 14.0.25420.1
MinimumVisualStudioVersion = 10.0.40219.1
Project("{FAE04EC0-301F-11D3-BF4B-00C04F79EFBC}") = "Assnmnt3-1", "Assnmnt3-1\Assnmnt3-1.csproj", "{674B0A8F-E8E5-4D9E-A88C-D4FD9CA6B9C8}"
EndProject
Project("{FAE04EC0-301F-11D3-BF4B-00C04F79EFBC}") = "Assnmnt3-2", "Assnmnt3-2\Assnmnt3-2.csproj", "{5679167C-EB12-464F-B5F0-EA3F3B1B8708}"
EndProject
Project("{FAE04EC0-301F-11D3-BF4B-00C04F79EFBC}") = "Assnmnt3-3", "Assnmnt3-3\Assnmnt3-3.csproj", "{29998D8C-D80C-41CE-86EE-B758A532251E}"
EndProject
Global
	GlobalSection(SolutionConfigurationPlatforms) = preSolution
		Debug|Any CPU = Debug|Any CPU
		Release|Any CPU = Release|Any CPU
	EndGlobalSection
	GlobalSection(ProjectConfigurationPlatforms) = postSolution
		{674B0A8F-E8E5-4D9E-A88C-D4FD9CA6B9C8}.Debug|Any CPU.ActiveCfg = Debug|Any CPU
		{674B0A8F-E8E5-4D9E-A88C-D4FD9CA6B9C8}.Debug|Any CPU.Build.0 = Debug|Any CPU
		{674B0A8F-E8E5-4D9E-A88C-D4FD9CA6B9C8}.Release|Any CPU.ActiveCfg = Release|Any CPU
		{674B0A8F-E8E5-4D9E-A88C-D4FD9CA6B9C8}.Release|Any CPU.Build.0 = Release|Any CPU
		{5679167C-EB12-464F-B5F0-EA3F3B1B8708}.Debug|Any CPU.ActiveCfg = Debug|Any CPU
		{5679167C-EB12-464F-B5F0-EA3F3B1B8708}.Debug|Any CPU.Build.0 = Debug|Any CPU
		{5679167C-EB12-464F-B5F0-EA3F3B1B8708}.Release|Any CPU.ActiveCfg = Release|Any CPU
		{5679167C-EB12-464F-B5F0-EA3F3B1B8708}.Release|Any CPU.Build.0 = Release|Any CPU
		{29998D8C-D80C-41CE-86EE-B758A532251E}.Debug|Any CPU.ActiveCfg = Debug|Any CPU
		{29998D8C-D80C-41CE-86EE-B758A532251E}.Debug|Any CPU.Build.0 = Debug|Any CPU
		{29998D8C-D80C-41CE-86EE-B758A532251E}.Release|Any CPU.ActiveCfg = Release|Any CPU
		{29998D8C-D80C-41CE-86EE-B758A532251E}.Release|Any CPU.Build.0 = Release|Any CPU
	EndGlobalSection
	GlobalSection(SolutionProperties) = preSolution
		HideSolutionNode = FALSE
	EndGlobalSection
EndGlobal
